[[package]]
name = "cmsis-svd"
version = "0.4"
summary = "CMSIS SVD data files and parser"
dependencies = [
    "six>=1.10",
]

[[package]]
name = "setuptools"
version = "60.10.0"
requires_python = ">=3.7"
summary = "Easily download, build, install, upgrade, and uninstall Python packages"

[[package]]
name = "six"
version = "1.16.0"
requires_python = ">=2.7, !=3.0.*, !=3.1.*, !=3.2.*"
summary = "Python 2 and 3 compatibility utilities"

[metadata]
lock_version = "3.1"
content_hash = "sha256:2b7c02ce81e79dd80bbef3d29dda1c348d3f21916273d60d98eafddbb9eabe20"

[metadata.files]
"cmsis-svd 0.4" = [
    {file = "cmsis-svd-0.4.tar.gz", hash = "sha256:b5f439fc6bbc43c9b56dd822f1f764359d503c685a42f913a1cfc2a3c6c42b2c"},
]
"setuptools 60.10.0" = [
    {file = "setuptools-60.10.0-py3-none-any.whl", hash = "sha256:782ef48d58982ddb49920c11a0c5c9c0b02e7d7d1c2ad0aa44e1a1e133051c96"},
    {file = "setuptools-60.10.0.tar.gz", hash = "sha256:6599055eeb23bfef457d5605d33a4d68804266e6cb430b0fb12417c5efeae36c"},
]
"six 1.16.0" = [
    {file = "six-1.16.0-py2.py3-none-any.whl", hash = "sha256:8abb2f1d86890a2dfb989f9a77cfcfd3e47c2a354b01111771326f8aa26e0254"},
    {file = "six-1.16.0.tar.gz", hash = "sha256:1e61c37477a1626458e36f7b1d82aa5c9b094fa4802892072e49de9c60c4c926"},
]
